
Microsoft Visual Studio Solution File, Format Version 12.00
# Visual Studio Version 16
VisualStudioVersion = 16.0.30804.86
MinimumVisualStudioVersion = 10.0.40219.1
Project("{FAE04EC0-301F-11D3-BF4B-00C04F79EFBC}") = "Data", "Data\Data.csproj", "{2165CA16-3E55-4AF5-88CB-FC3D9E6F51D5}"
EndProject
Project("{FAE04EC0-301F-11D3-BF4B-00C04F79EFBC}") = "Negocio", "Negocio\Negocio.csproj", "{AFF2BB0C-AAF4-4F7B-AB1F-E1818B276252}"
EndProject
Project("{FAE04EC0-301F-11D3-BF4B-00C04F79EFBC}") = "CustomersCRUD", "CustomersCRUD\CustomersCRUD.csproj", "{9D05DA04-A379-405D-B8CE-53E8421E0843}"
EndProject
Global
	GlobalSection(SolutionConfigurationPlatforms) = preSolution
		Debug|Any CPU = Debug|Any CPU
		Release|Any CPU = Release|Any CPU
	EndGlobalSection
	GlobalSection(ProjectConfigurationPlatforms) = postSolution
		{2165CA16-3E55-4AF5-88CB-FC3D9E6F51D5}.Debug|Any CPU.ActiveCfg = Debug|Any CPU
		{2165CA16-3E55-4AF5-88CB-FC3D9E6F51D5}.Debug|Any CPU.Build.0 = Debug|Any CPU
		{2165CA16-3E55-4AF5-88CB-FC3D9E6F51D5}.Release|Any CPU.ActiveCfg = Release|Any CPU
		{2165CA16-3E55-4AF5-88CB-FC3D9E6F51D5}.Release|Any CPU.Build.0 = Release|Any CPU
		{AFF2BB0C-AAF4-4F7B-AB1F-E1818B276252}.Debug|Any CPU.ActiveCfg = Debug|Any CPU
		{AFF2BB0C-AAF4-4F7B-AB1F-E1818B276252}.Debug|Any CPU.Build.0 = Debug|Any CPU
		{AFF2BB0C-AAF4-4F7B-AB1F-E1818B276252}.Release|Any CPU.ActiveCfg = Release|Any CPU
		{AFF2BB0C-AAF4-4F7B-AB1F-E1818B276252}.Release|Any CPU.Build.0 = Release|Any CPU
		{9D05DA04-A379-405D-B8CE-53E8421E0843}.Debug|Any CPU.ActiveCfg = Debug|Any CPU
		{9D05DA04-A379-405D-B8CE-53E8421E0843}.Debug|Any CPU.Build.0 = Debug|Any CPU
		{9D05DA04-A379-405D-B8CE-53E8421E0843}.Release|Any CPU.ActiveCfg = Release|Any CPU
		{9D05DA04-A379-405D-B8CE-53E8421E0843}.Release|Any CPU.Build.0 = Release|Any CPU
	EndGlobalSection
	GlobalSection(SolutionProperties) = preSolution
		HideSolutionNode = FALSE
	EndGlobalSection
	GlobalSection(ExtensibilityGlobals) = postSolution
		SolutionGuid = {0E67AA05-53B9-4D56-BD56-D2810FF5C16C}
	EndGlobalSection
EndGlobal
